
Microsoft Visual Studio Solution File, Format Version 12.00
# Visual Studio Version 17
VisualStudioVersion = 17.6.33815.320
MinimumVisualStudioVersion = 10.0.40219.1
Project("{FAE04EC0-301F-11D3-BF4B-00C04F79EFBC}") = "BankApp", "BankApp\BankApp.csproj", "{839AF7B6-B14B-4CFC-8257-B31DE9ED432E}"
EndProject
Global
	GlobalSection(SolutionConfigurationPlatforms) = preSolution
		Debug|Any CPU = Debug|Any CPU
		Release|Any CPU = Release|Any CPU
	EndGlobalSection
	GlobalSection(ProjectConfigurationPlatforms) = postSolution
		{839AF7B6-B14B-4CFC-8257-B31DE9ED432E}.Debug|Any CPU.ActiveCfg = Debug|Any CPU
		{839AF7B6-B14B-4CFC-8257-B31DE9ED432E}.Debug|Any CPU.Build.0 = Debug|Any CPU
		{839AF7B6-B14B-4CFC-8257-B31DE9ED432E}.Release|Any CPU.ActiveCfg = Release|Any CPU
		{839AF7B6-B14B-4CFC-8257-B31DE9ED432E}.Release|Any CPU.Build.0 = Release|Any CPU
	EndGlobalSection
	GlobalSection(SolutionProperties) = preSolution
		HideSolutionNode = FALSE
	EndGlobalSection
	GlobalSection(ExtensibilityGlobals) = postSolution
		SolutionGuid = {DC440DB4-7BAE-4094-96A9-5677A7A4B5D6}
	EndGlobalSection
EndGlobal
